
Microsoft Visual Studio Solution File, Format Version 12.00
# Visual Studio 14
VisualStudioVersion = 14.0.25420.1
MinimumVisualStudioVersion = 10.0.40219.1
Project("{FAE04EC0-301F-11D3-BF4B-00C04F79EFBC}") = "WebService_ASM_TungBT", "WebService_ASM_TungBT\WebService_ASM_TungBT.csproj", "{522B4C67-A64D-463E-A68C-B015F7F29799}"
EndProject
Project("{FAE04EC0-301F-11D3-BF4B-00C04F79EFBC}") = "BankingServiceClient", "BankingServiceClient\BankingServiceClient.csproj", "{A86418BC-E353-47DC-A3EB-C884CAEEA254}"
	ProjectSection(ProjectDependencies) = postProject
		{522B4C67-A64D-463E-A68C-B015F7F29799} = {522B4C67-A64D-463E-A68C-B015F7F29799}
	EndProjectSection
EndProject
Global
	GlobalSection(SolutionConfigurationPlatforms) = preSolution
		Debug|Any CPU = Debug|Any CPU
		Release|Any CPU = Release|Any CPU
	EndGlobalSection
	GlobalSection(ProjectConfigurationPlatforms) = postSolution
		{522B4C67-A64D-463E-A68C-B015F7F29799}.Debug|Any CPU.ActiveCfg = Debug|Any CPU
		{522B4C67-A64D-463E-A68C-B015F7F29799}.Debug|Any CPU.Build.0 = Debug|Any CPU
		{522B4C67-A64D-463E-A68C-B015F7F29799}.Release|Any CPU.ActiveCfg = Release|Any CPU
		{522B4C67-A64D-463E-A68C-B015F7F29799}.Release|Any CPU.Build.0 = Release|Any CPU
		{A86418BC-E353-47DC-A3EB-C884CAEEA254}.Debug|Any CPU.ActiveCfg = Debug|Any CPU
		{A86418BC-E353-47DC-A3EB-C884CAEEA254}.Debug|Any CPU.Build.0 = Debug|Any CPU
		{A86418BC-E353-47DC-A3EB-C884CAEEA254}.Release|Any CPU.ActiveCfg = Release|Any CPU
		{A86418BC-E353-47DC-A3EB-C884CAEEA254}.Release|Any CPU.Build.0 = Release|Any CPU
	EndGlobalSection
	GlobalSection(SolutionProperties) = preSolution
		HideSolutionNode = FALSE
	EndGlobalSection
EndGlobal
