
Microsoft Visual Studio Solution File, Format Version 12.00
# Visual Studio 14
VisualStudioVersion = 14.0.25420.1
MinimumVisualStudioVersion = 10.0.40219.1
Project("{FAE04EC0-301F-11D3-BF4B-00C04F79EFBC}") = "ConsumingSOAPServiceCRUD_Client", "ConsumingSOAPServiceCRUD_Client\ConsumingSOAPServiceCRUD_Client.csproj", "{DA16C63F-9317-4F10-BD8B-670F7272E1E1}"
	ProjectSection(ProjectDependencies) = postProject
		{4765CB11-88D7-4C5D-863F-CFE656222091} = {4765CB11-88D7-4C5D-863F-CFE656222091}
	EndProjectSection
EndProject
Project("{FAE04EC0-301F-11D3-BF4B-00C04F79EFBC}") = "BookServices", "BookServices\BookServices.csproj", "{4765CB11-88D7-4C5D-863F-CFE656222091}"
EndProject
Global
	GlobalSection(SolutionConfigurationPlatforms) = preSolution
		Debug|Any CPU = Debug|Any CPU
		Release|Any CPU = Release|Any CPU
	EndGlobalSection
	GlobalSection(ProjectConfigurationPlatforms) = postSolution
		{DA16C63F-9317-4F10-BD8B-670F7272E1E1}.Debug|Any CPU.ActiveCfg = Debug|Any CPU
		{DA16C63F-9317-4F10-BD8B-670F7272E1E1}.Debug|Any CPU.Build.0 = Debug|Any CPU
		{DA16C63F-9317-4F10-BD8B-670F7272E1E1}.Release|Any CPU.ActiveCfg = Release|Any CPU
		{DA16C63F-9317-4F10-BD8B-670F7272E1E1}.Release|Any CPU.Build.0 = Release|Any CPU
		{4765CB11-88D7-4C5D-863F-CFE656222091}.Debug|Any CPU.ActiveCfg = Debug|Any CPU
		{4765CB11-88D7-4C5D-863F-CFE656222091}.Debug|Any CPU.Build.0 = Debug|Any CPU
		{4765CB11-88D7-4C5D-863F-CFE656222091}.Release|Any CPU.ActiveCfg = Release|Any CPU
		{4765CB11-88D7-4C5D-863F-CFE656222091}.Release|Any CPU.Build.0 = Release|Any CPU
	EndGlobalSection
	GlobalSection(SolutionProperties) = preSolution
		HideSolutionNode = FALSE
	EndGlobalSection
EndGlobal
